
Microsoft Visual Studio Solution File, Format Version 12.00
# Visual Studio 15
VisualStudioVersion = 15.0.26730.15
MinimumVisualStudioVersion = 10.0.40219.1
Project("{FAE04EC0-301F-11D3-BF4B-00C04F79EFBC}") = "Laconic.Codingame.BenderTheMoneyMachine", "Laconic.Codingame.BenderTheMoneyMachine\Laconic.Codingame.BenderTheMoneyMachine.csproj", "{87B807EA-B771-4F00-8AED-A5592C07ECDB}"
EndProject
Project("{2150E333-8FDC-42A3-9474-1A3956D46DE8}") = "Tests", "Tests", "{E18BE2D2-697A-4ADF-801C-F824BA60773D}"
EndProject
Project("{FAE04EC0-301F-11D3-BF4B-00C04F79EFBC}") = "Laconic.Codingame.GameOfDrones", "Laconic.Codingame.GameOfDrones\Laconic.Codingame.GameOfDrones.csproj", "{1C099A69-5BED-44D4-B0E7-C0AC15FEBB6E}"
EndProject
Project("{FAE04EC0-301F-11D3-BF4B-00C04F79EFBC}") = "Laconic.Codingame.DontPanicLevel2", "Laconic.Codingame.DontPanicLevel2\Laconic.Codingame.DontPanicLevel2.csproj", "{C414FF0C-7A49-4DD4-810B-8C83C89F9B2B}"
EndProject
Project("{FAE04EC0-301F-11D3-BF4B-00C04F79EFBC}") = "Laconic.Codingame.PlatinumRift", "Laconic.Codingame.PlatinumRift\Laconic.Codingame.PlatinumRift.csproj", "{47777B91-8EE7-4771-A4D6-9500351B3857}"
EndProject
Project("{FAE04EC0-301F-11D3-BF4B-00C04F79EFBC}") = "Laconic.Codingame.NetworkCabling", "Laconic.Codingame.NetworkCabling\Laconic.Codingame.NetworkCabling.csproj", "{E98FCD78-3B93-47C6-8734-1FBCCCF3AA48}"
EndProject
Project("{FAE04EC0-301F-11D3-BF4B-00C04F79EFBC}") = "Laconic.Codingame.Tests", "Laconic.Codingame.Tests\Laconic.Codingame.Tests.csproj", "{0F54B9F5-2CA1-49DF-90C1-DD2FB8602DE7}"
EndProject
Project("{FAE04EC0-301F-11D3-BF4B-00C04F79EFBC}") = "Laconic.Codingame.DwarfsOnGiants", "Laconic.Codingame.DwarfsOnGiants\Laconic.Codingame.DwarfsOnGiants.csproj", "{7A34DD40-2873-4C0C-B8D8-7B0D982F2851}"
EndProject
Project("{FAE04EC0-301F-11D3-BF4B-00C04F79EFBC}") = "Laconic.Codingame.TelephoneNumbers", "Laconic.Codingame.TelephoneNumbers\Laconic.Codingame.TelephoneNumbers.csproj", "{E25FDAAE-D5FC-41E3-B980-E5F5B3FF0037}"
EndProject
Project("{FAE04EC0-301F-11D3-BF4B-00C04F79EFBC}") = "Laconic.Codingame.MayanCalculation", "Laconic.Codingame.MayanCalculation\Laconic.Codingame.MayanCalculation.csproj", "{5BAA0A88-DF17-4ECE-87F0-FA4CB70DB5ED}"
EndProject
Project("{FAE04EC0-301F-11D3-BF4B-00C04F79EFBC}") = "Laconic.Codingame.Scrabble", "Laconic.Codingame.Scrabble\Laconic.Codingame.Scrabble.csproj", "{9A8F9744-C5DF-4111-BD3B-FDF1EEB39A97}"
EndProject
Project("{FAE04EC0-301F-11D3-BF4B-00C04F79EFBC}") = "Laconic.Codingame.SkynetFinaleLevel2", "Laconic.Codingame.SkynetFinaleLevel2\Laconic.Codingame.SkynetFinaleLevel2.csproj", "{036F661A-F409-4D24-ADC7-161E3244D698}"
EndProject
Project("{FAE04EC0-301F-11D3-BF4B-00C04F79EFBC}") = "Laconic.Codingame.KirksQuestTheLabyrinth", "Laconic.Codingame.KirksQuestTheLabyrinth\Laconic.Codingame.KirksQuestTheLabyrinth.csproj", "{C739E757-5B59-40AF-AA1A-551308D9D4C0}"
EndProject
Project("{F2A71F9B-5D33-465A-A702-920D77279786}") = "Laconic.Codingame", "Laconic.Codingame\Laconic.Codingame.fsproj", "{A856E291-BAF0-4634-8B5A-42E69316DA17}"
EndProject
Global
	GlobalSection(SolutionConfigurationPlatforms) = preSolution
		Debug|Any CPU = Debug|Any CPU
		Release|Any CPU = Release|Any CPU
	EndGlobalSection
	GlobalSection(ProjectConfigurationPlatforms) = postSolution
		{87B807EA-B771-4F00-8AED-A5592C07ECDB}.Debug|Any CPU.ActiveCfg = Debug|Any CPU
		{87B807EA-B771-4F00-8AED-A5592C07ECDB}.Debug|Any CPU.Build.0 = Debug|Any CPU
		{87B807EA-B771-4F00-8AED-A5592C07ECDB}.Release|Any CPU.ActiveCfg = Release|Any CPU
		{87B807EA-B771-4F00-8AED-A5592C07ECDB}.Release|Any CPU.Build.0 = Release|Any CPU
		{1C099A69-5BED-44D4-B0E7-C0AC15FEBB6E}.Debug|Any CPU.ActiveCfg = Debug|Any CPU
		{1C099A69-5BED-44D4-B0E7-C0AC15FEBB6E}.Debug|Any CPU.Build.0 = Debug|Any CPU
		{1C099A69-5BED-44D4-B0E7-C0AC15FEBB6E}.Release|Any CPU.ActiveCfg = Release|Any CPU
		{1C099A69-5BED-44D4-B0E7-C0AC15FEBB6E}.Release|Any CPU.Build.0 = Release|Any CPU
		{C414FF0C-7A49-4DD4-810B-8C83C89F9B2B}.Debug|Any CPU.ActiveCfg = Debug|Any CPU
		{C414FF0C-7A49-4DD4-810B-8C83C89F9B2B}.Debug|Any CPU.Build.0 = Debug|Any CPU
		{C414FF0C-7A49-4DD4-810B-8C83C89F9B2B}.Release|Any CPU.ActiveCfg = Release|Any CPU
		{C414FF0C-7A49-4DD4-810B-8C83C89F9B2B}.Release|Any CPU.Build.0 = Release|Any CPU
		{47777B91-8EE7-4771-A4D6-9500351B3857}.Debug|Any CPU.ActiveCfg = Debug|Any CPU
		{47777B91-8EE7-4771-A4D6-9500351B3857}.Debug|Any CPU.Build.0 = Debug|Any CPU
		{47777B91-8EE7-4771-A4D6-9500351B3857}.Release|Any CPU.ActiveCfg = Release|Any CPU
		{47777B91-8EE7-4771-A4D6-9500351B3857}.Release|Any CPU.Build.0 = Release|Any CPU
		{E98FCD78-3B93-47C6-8734-1FBCCCF3AA48}.Debug|Any CPU.ActiveCfg = Debug|Any CPU
		{E98FCD78-3B93-47C6-8734-1FBCCCF3AA48}.Debug|Any CPU.Build.0 = Debug|Any CPU
		{E98FCD78-3B93-47C6-8734-1FBCCCF3AA48}.Release|Any CPU.ActiveCfg = Release|Any CPU
		{E98FCD78-3B93-47C6-8734-1FBCCCF3AA48}.Release|Any CPU.Build.0 = Release|Any CPU
		{0F54B9F5-2CA1-49DF-90C1-DD2FB8602DE7}.Debug|Any CPU.ActiveCfg = Debug|Any CPU
		{0F54B9F5-2CA1-49DF-90C1-DD2FB8602DE7}.Debug|Any CPU.Build.0 = Debug|Any CPU
		{0F54B9F5-2CA1-49DF-90C1-DD2FB8602DE7}.Release|Any CPU.ActiveCfg = Release|Any CPU
		{0F54B9F5-2CA1-49DF-90C1-DD2FB8602DE7}.Release|Any CPU.Build.0 = Release|Any CPU
		{7A34DD40-2873-4C0C-B8D8-7B0D982F2851}.Debug|Any CPU.ActiveCfg = Debug|Any CPU
		{7A34DD40-2873-4C0C-B8D8-7B0D982F2851}.Debug|Any CPU.Build.0 = Debug|Any CPU
		{7A34DD40-2873-4C0C-B8D8-7B0D982F2851}.Release|Any CPU.ActiveCfg = Release|Any CPU
		{7A34DD40-2873-4C0C-B8D8-7B0D982F2851}.Release|Any CPU.Build.0 = Release|Any CPU
		{E25FDAAE-D5FC-41E3-B980-E5F5B3FF0037}.Debug|Any CPU.ActiveCfg = Debug|Any CPU
		{E25FDAAE-D5FC-41E3-B980-E5F5B3FF0037}.Debug|Any CPU.Build.0 = Debug|Any CPU
		{E25FDAAE-D5FC-41E3-B980-E5F5B3FF0037}.Release|Any CPU.ActiveCfg = Release|Any CPU
		{E25FDAAE-D5FC-41E3-B980-E5F5B3FF0037}.Release|Any CPU.Build.0 = Release|Any CPU
		{5BAA0A88-DF17-4ECE-87F0-FA4CB70DB5ED}.Debug|Any CPU.ActiveCfg = Debug|Any CPU
		{5BAA0A88-DF17-4ECE-87F0-FA4CB70DB5ED}.Debug|Any CPU.Build.0 = Debug|Any CPU
		{5BAA0A88-DF17-4ECE-87F0-FA4CB70DB5ED}.Release|Any CPU.ActiveCfg = Release|Any CPU
		{5BAA0A88-DF17-4ECE-87F0-FA4CB70DB5ED}.Release|Any CPU.Build.0 = Release|Any CPU
		{9A8F9744-C5DF-4111-BD3B-FDF1EEB39A97}.Debug|Any CPU.ActiveCfg = Debug|Any CPU
		{9A8F9744-C5DF-4111-BD3B-FDF1EEB39A97}.Debug|Any CPU.Build.0 = Debug|Any CPU
		{9A8F9744-C5DF-4111-BD3B-FDF1EEB39A97}.Release|Any CPU.ActiveCfg = Release|Any CPU
		{9A8F9744-C5DF-4111-BD3B-FDF1EEB39A97}.Release|Any CPU.Build.0 = Release|Any CPU
		{036F661A-F409-4D24-ADC7-161E3244D698}.Debug|Any CPU.ActiveCfg = Debug|Any CPU
		{036F661A-F409-4D24-ADC7-161E3244D698}.Debug|Any CPU.Build.0 = Debug|Any CPU
		{036F661A-F409-4D24-ADC7-161E3244D698}.Release|Any CPU.ActiveCfg = Release|Any CPU
		{036F661A-F409-4D24-ADC7-161E3244D698}.Release|Any CPU.Build.0 = Release|Any CPU
		{C739E757-5B59-40AF-AA1A-551308D9D4C0}.Debug|Any CPU.ActiveCfg = Debug|Any CPU
		{C739E757-5B59-40AF-AA1A-551308D9D4C0}.Debug|Any CPU.Build.0 = Debug|Any CPU
		{C739E757-5B59-40AF-AA1A-551308D9D4C0}.Release|Any CPU.ActiveCfg = Release|Any CPU
		{C739E757-5B59-40AF-AA1A-551308D9D4C0}.Release|Any CPU.Build.0 = Release|Any CPU
		{A856E291-BAF0-4634-8B5A-42E69316DA17}.Debug|Any CPU.ActiveCfg = Debug|Any CPU
		{A856E291-BAF0-4634-8B5A-42E69316DA17}.Debug|Any CPU.Build.0 = Debug|Any CPU
		{A856E291-BAF0-4634-8B5A-42E69316DA17}.Release|Any CPU.ActiveCfg = Release|Any CPU
		{A856E291-BAF0-4634-8B5A-42E69316DA17}.Release|Any CPU.Build.0 = Release|Any CPU
	EndGlobalSection
	GlobalSection(SolutionProperties) = preSolution
		HideSolutionNode = FALSE
	EndGlobalSection
	GlobalSection(NestedProjects) = preSolution
		{0F54B9F5-2CA1-49DF-90C1-DD2FB8602DE7} = {E18BE2D2-697A-4ADF-801C-F824BA60773D}
	EndGlobalSection
	GlobalSection(ExtensibilityGlobals) = postSolution
		SolutionGuid = {A0F98FCA-C282-42F2-A9EC-10D24C33D513}
	EndGlobalSection
EndGlobal
