
Microsoft Visual Studio Solution File, Format Version 12.00
# Visual Studio 2013
VisualStudioVersion = 12.0.31101.0
MinimumVisualStudioVersion = 10.0.40219.1
Project("{FAE04EC0-301F-11D3-BF4B-00C04F79EFBC}") = "Laconic.Codingame.BenderTheMoneyMachine", "Laconic.Codingame.BenderTheMoneyMachine\Laconic.Codingame.BenderTheMoneyMachine.csproj", "{87B807EA-B771-4F00-8AED-A5592C07ECDB}"
EndProject
Project("{2150E333-8FDC-42A3-9474-1A3956D46DE8}") = "Tests", "Tests", "{E18BE2D2-697A-4ADF-801C-F824BA60773D}"
EndProject
Project("{FAE04EC0-301F-11D3-BF4B-00C04F79EFBC}") = "Laconic.Codingame.GameOfDrones", "Laconic.Codingame.GameOfDrones\Laconic.Codingame.GameOfDrones.csproj", "{1C099A69-5BED-44D4-B0E7-C0AC15FEBB6E}"
EndProject
Project("{FAE04EC0-301F-11D3-BF4B-00C04F79EFBC}") = "Laconic.Codingame.DontPanicLevel2", "Laconic.Codingame.DontPanicLevel2\Laconic.Codingame.DontPanicLevel2.csproj", "{C414FF0C-7A49-4DD4-810B-8C83C89F9B2B}"
EndProject
Project("{FAE04EC0-301F-11D3-BF4B-00C04F79EFBC}") = "Laconic.Codingame.PlatinumRift", "Laconic.Codingame.PlatinumRift\Laconic.Codingame.PlatinumRift.csproj", "{47777B91-8EE7-4771-A4D6-9500351B3857}"
EndProject
Project("{2150E333-8FDC-42A3-9474-1A3956D46DE8}") = ".nuget", ".nuget", "{B3083277-D1D5-40AA-A9EE-D9C615B3CE2D}"
	ProjectSection(SolutionItems) = preProject
		.nuget\NuGet.Config = .nuget\NuGet.Config
		.nuget\NuGet.exe = .nuget\NuGet.exe
		.nuget\NuGet.targets = .nuget\NuGet.targets
	EndProjectSection
EndProject
Project("{FAE04EC0-301F-11D3-BF4B-00C04F79EFBC}") = "Laconic.Codingame.NetworkCabling", "Laconic.Codingame.NetworkCabling\Laconic.Codingame.NetworkCabling.csproj", "{E98FCD78-3B93-47C6-8734-1FBCCCF3AA48}"
EndProject
Project("{FAE04EC0-301F-11D3-BF4B-00C04F79EFBC}") = "Laconic.Codingame.Tests", "Laconic.Codingame.Tests\Laconic.Codingame.Tests.csproj", "{0F54B9F5-2CA1-49DF-90C1-DD2FB8602DE7}"
EndProject
Global
	GlobalSection(SolutionConfigurationPlatforms) = preSolution
		Debug|Any CPU = Debug|Any CPU
		Release|Any CPU = Release|Any CPU
	EndGlobalSection
	GlobalSection(ProjectConfigurationPlatforms) = postSolution
		{87B807EA-B771-4F00-8AED-A5592C07ECDB}.Debug|Any CPU.ActiveCfg = Debug|Any CPU
		{87B807EA-B771-4F00-8AED-A5592C07ECDB}.Debug|Any CPU.Build.0 = Debug|Any CPU
		{87B807EA-B771-4F00-8AED-A5592C07ECDB}.Release|Any CPU.ActiveCfg = Release|Any CPU
		{87B807EA-B771-4F00-8AED-A5592C07ECDB}.Release|Any CPU.Build.0 = Release|Any CPU
		{1C099A69-5BED-44D4-B0E7-C0AC15FEBB6E}.Debug|Any CPU.ActiveCfg = Debug|Any CPU
		{1C099A69-5BED-44D4-B0E7-C0AC15FEBB6E}.Debug|Any CPU.Build.0 = Debug|Any CPU
		{1C099A69-5BED-44D4-B0E7-C0AC15FEBB6E}.Release|Any CPU.ActiveCfg = Release|Any CPU
		{1C099A69-5BED-44D4-B0E7-C0AC15FEBB6E}.Release|Any CPU.Build.0 = Release|Any CPU
		{C414FF0C-7A49-4DD4-810B-8C83C89F9B2B}.Debug|Any CPU.ActiveCfg = Debug|Any CPU
		{C414FF0C-7A49-4DD4-810B-8C83C89F9B2B}.Debug|Any CPU.Build.0 = Debug|Any CPU
		{C414FF0C-7A49-4DD4-810B-8C83C89F9B2B}.Release|Any CPU.ActiveCfg = Release|Any CPU
		{C414FF0C-7A49-4DD4-810B-8C83C89F9B2B}.Release|Any CPU.Build.0 = Release|Any CPU
		{47777B91-8EE7-4771-A4D6-9500351B3857}.Debug|Any CPU.ActiveCfg = Debug|Any CPU
		{47777B91-8EE7-4771-A4D6-9500351B3857}.Debug|Any CPU.Build.0 = Debug|Any CPU
		{47777B91-8EE7-4771-A4D6-9500351B3857}.Release|Any CPU.ActiveCfg = Release|Any CPU
		{47777B91-8EE7-4771-A4D6-9500351B3857}.Release|Any CPU.Build.0 = Release|Any CPU
		{E98FCD78-3B93-47C6-8734-1FBCCCF3AA48}.Debug|Any CPU.ActiveCfg = Debug|Any CPU
		{E98FCD78-3B93-47C6-8734-1FBCCCF3AA48}.Debug|Any CPU.Build.0 = Debug|Any CPU
		{E98FCD78-3B93-47C6-8734-1FBCCCF3AA48}.Release|Any CPU.ActiveCfg = Release|Any CPU
		{E98FCD78-3B93-47C6-8734-1FBCCCF3AA48}.Release|Any CPU.Build.0 = Release|Any CPU
		{0F54B9F5-2CA1-49DF-90C1-DD2FB8602DE7}.Debug|Any CPU.ActiveCfg = Debug|Any CPU
		{0F54B9F5-2CA1-49DF-90C1-DD2FB8602DE7}.Debug|Any CPU.Build.0 = Debug|Any CPU
		{0F54B9F5-2CA1-49DF-90C1-DD2FB8602DE7}.Release|Any CPU.ActiveCfg = Release|Any CPU
		{0F54B9F5-2CA1-49DF-90C1-DD2FB8602DE7}.Release|Any CPU.Build.0 = Release|Any CPU
	EndGlobalSection
	GlobalSection(SolutionProperties) = preSolution
		HideSolutionNode = FALSE
	EndGlobalSection
	GlobalSection(NestedProjects) = preSolution
		{0F54B9F5-2CA1-49DF-90C1-DD2FB8602DE7} = {E18BE2D2-697A-4ADF-801C-F824BA60773D}
	EndGlobalSection
EndGlobal
